Microsoft Visual Studio Solution File, Format Version 12.00
# Visual Studio Version 16
VisualStudioVersion = 16.0.0.0
MinimumVisualStudioVersion = 16.0.0.0
Project("{9A19103F-16F7-4668-BE54-9A1E7A4F7556}") = "FirstBlazorHybridApp", "FirstBlazorHybridApp\FirstBlazorHybridApp.csproj", "{92EC994F-B299-4E8B-91A0-873A254A0626}"
EndProject
Project("{FAE04EC0-301F-11D3-BF4B-00C04F79EFBC}") = "FirstBlazorHybridApp.Android", "FirstBlazorHybridApp.Android\FirstBlazorHybridApp.Android.csproj", "{3BD64745-04B8-4AAC-B60E-DB5CDEC22BA0}"
EndProject
Project("{FAE04EC0-301F-11D3-BF4B-00C04F79EFBC}") = "FirstBlazorHybridApp.iOS", "FirstBlazorHybridApp.iOS\FirstBlazorHybridApp.iOS.csproj", "{25D684A6-C0E5-4964-85A1-3415D7891F00}"
EndProject
Project("{9A19103F-16F7-4668-BE54-9A1E7A4F7556}") = "FirstBlazorHybridApp.Windows", "FirstBlazorHybridApp.Windows\FirstBlazorHybridApp.Windows.csproj", "{F3182449-CC56-4DD9-88F3-C92765C2F25D}"
EndProject
Project("{FAE04EC0-301F-11D3-BF4B-00C04F79EFBC}") = "FirstBlazorHybridApp.macOS", "FirstBlazorHybridApp.macOS\FirstBlazorHybridApp.macOS.csproj", "{E8F93D81-DE66-4033-BB9E-BEC7F32FDFD2}"
EndProject
Project("{FAE04EC0-301F-11D3-BF4B-00C04F79EFBC}") = "FirstBlazorHybridApp.Web.Server", "FirstBlazorHybridApp.Web\Server\FirstBlazorHybridApp.Web.Server.csproj", "{8BC8023B-6596-4BED-AD64-97B82C8F5EE0}"
EndProject
Project("{FAE04EC0-301F-11D3-BF4B-00C04F79EFBC}") = "FirstBlazorHybridApp.Web.Client", "FirstBlazorHybridApp.Web\Client\FirstBlazorHybridApp.Web.Client.csproj", "{D58A0C44-7571-4D5D-8763-8E9666D16683}"
EndProject
Project("{FAE04EC0-301F-11D3-BF4B-00C04F79EFBC}") = "FirstBlazorHybridApp.Web.Shared", "FirstBlazorHybridApp.Web\Shared\FirstBlazorHybridApp.Web.Shared.csproj", "{D46EE314-DA6F-46FC-A4F7-7450CA406139}"
EndProject
Global
	GlobalSection(SolutionConfigurationPlatforms) = preSolution
		Debug|Any CPU = Debug|Any CPU
		Debug|iPhone = Debug|iPhone
		Debug|iPhoneSimulator = Debug|iPhoneSimulator
		Debug|x64 = Debug|x64
		Debug|x86 = Debug|x86
		Release|Any CPU = Release|Any CPU
		Release|iPhone = Release|iPhone
		Release|iPhoneSimulator = Release|iPhoneSimulator
		Release|x64 = Release|x64
		Release|x86 = Release|x86
	EndGlobalSection
	GlobalSection(ProjectConfigurationPlatforms) = postSolution
		{92EC994F-B299-4E8B-91A0-873A254A0626}.Debug|Any CPU.ActiveCfg = Debug|Any CPU
		{92EC994F-B299-4E8B-91A0-873A254A0626}.Debug|Any CPU.Build.0 = Debug|Any CPU
		{92EC994F-B299-4E8B-91A0-873A254A0626}.Debug|iPhone.ActiveCfg = Debug|Any CPU
		{92EC994F-B299-4E8B-91A0-873A254A0626}.Debug|iPhone.Build.0 = Debug|Any CPU
		{92EC994F-B299-4E8B-91A0-873A254A0626}.Debug|iPhoneSimulator.ActiveCfg = Debug|Any CPU
		{92EC994F-B299-4E8B-91A0-873A254A0626}.Debug|iPhoneSimulator.Build.0 = Debug|Any CPU
		{92EC994F-B299-4E8B-91A0-873A254A0626}.Debug|x64.ActiveCfg = Debug|Any CPU
		{92EC994F-B299-4E8B-91A0-873A254A0626}.Debug|x64.Build.0 = Debug|Any CPU
		{92EC994F-B299-4E8B-91A0-873A254A0626}.Debug|x86.ActiveCfg = Debug|Any CPU
		{92EC994F-B299-4E8B-91A0-873A254A0626}.Debug|x86.Build.0 = Debug|Any CPU
		{92EC994F-B299-4E8B-91A0-873A254A0626}.Release|Any CPU.ActiveCfg = Release|Any CPU
		{92EC994F-B299-4E8B-91A0-873A254A0626}.Release|Any CPU.Build.0 = Release|Any CPU
		{92EC994F-B299-4E8B-91A0-873A254A0626}.Release|iPhone.ActiveCfg = Release|Any CPU
		{92EC994F-B299-4E8B-91A0-873A254A0626}.Release|iPhone.Build.0 = Release|Any CPU
		{92EC994F-B299-4E8B-91A0-873A254A0626}.Release|iPhoneSimulator.ActiveCfg = Release|Any CPU
		{92EC994F-B299-4E8B-91A0-873A254A0626}.Release|iPhoneSimulator.Build.0 = Release|Any CPU
		{92EC994F-B299-4E8B-91A0-873A254A0626}.Release|x64.ActiveCfg = Release|Any CPU
		{92EC994F-B299-4E8B-91A0-873A254A0626}.Release|x64.Build.0 = Release|Any CPU
		{92EC994F-B299-4E8B-91A0-873A254A0626}.Release|x86.ActiveCfg = Release|Any CPU
		{92EC994F-B299-4E8B-91A0-873A254A0626}.Release|x86.Build.0 = Release|Any CPU
		{3BD64745-04B8-4AAC-B60E-DB5CDEC22BA0}.Debug|Any CPU.ActiveCfg = Debug|Any CPU
		{3BD64745-04B8-4AAC-B60E-DB5CDEC22BA0}.Debug|Any CPU.Build.0 = Debug|Any CPU
		{3BD64745-04B8-4AAC-B60E-DB5CDEC22BA0}.Debug|Any CPU.Deploy.0 = Debug|Any CPU
		{3BD64745-04B8-4AAC-B60E-DB5CDEC22BA0}.Debug|iPhone.ActiveCfg = Debug|Any CPU
		{3BD64745-04B8-4AAC-B60E-DB5CDEC22BA0}.Debug|iPhone.Build.0 = Debug|Any CPU
		{3BD64745-04B8-4AAC-B60E-DB5CDEC22BA0}.Debug|iPhone.Deploy.0 = Debug|Any CPU
		{3BD64745-04B8-4AAC-B60E-DB5CDEC22BA0}.Debug|iPhoneSimulator.ActiveCfg = Debug|Any CPU
		{3BD64745-04B8-4AAC-B60E-DB5CDEC22BA0}.Debug|iPhoneSimulator.Build.0 = Debug|Any CPU
		{3BD64745-04B8-4AAC-B60E-DB5CDEC22BA0}.Debug|iPhoneSimulator.Deploy.0 = Debug|Any CPU
		{3BD64745-04B8-4AAC-B60E-DB5CDEC22BA0}.Debug|x64.ActiveCfg = Debug|Any CPU
		{3BD64745-04B8-4AAC-B60E-DB5CDEC22BA0}.Debug|x64.Build.0 = Debug|Any CPU
		{3BD64745-04B8-4AAC-B60E-DB5CDEC22BA0}.Debug|x64.Deploy.0 = Debug|Any CPU
		{3BD64745-04B8-4AAC-B60E-DB5CDEC22BA0}.Debug|x86.ActiveCfg = Debug|Any CPU
		{3BD64745-04B8-4AAC-B60E-DB5CDEC22BA0}.Debug|x86.Build.0 = Debug|Any CPU
		{3BD64745-04B8-4AAC-B60E-DB5CDEC22BA0}.Debug|x86.Deploy.0 = Debug|Any CPU
		{3BD64745-04B8-4AAC-B60E-DB5CDEC22BA0}.Release|Any CPU.ActiveCfg = Release|Any CPU
		{3BD64745-04B8-4AAC-B60E-DB5CDEC22BA0}.Release|Any CPU.Build.0 = Release|Any CPU
		{3BD64745-04B8-4AAC-B60E-DB5CDEC22BA0}.Release|Any CPU.Deploy.0 = Release|Any CPU
		{3BD64745-04B8-4AAC-B60E-DB5CDEC22BA0}.Release|iPhone.ActiveCfg = Release|Any CPU
		{3BD64745-04B8-4AAC-B60E-DB5CDEC22BA0}.Release|iPhone.Build.0 = Release|Any CPU
		{3BD64745-04B8-4AAC-B60E-DB5CDEC22BA0}.Release|iPhone.Deploy.0 = Release|Any CPU
		{3BD64745-04B8-4AAC-B60E-DB5CDEC22BA0}.Release|iPhoneSimulator.ActiveCfg = Release|Any CPU
		{3BD64745-04B8-4AAC-B60E-DB5CDEC22BA0}.Release|iPhoneSimulator.Build.0 = Release|Any CPU
		{3BD64745-04B8-4AAC-B60E-DB5CDEC22BA0}.Release|iPhoneSimulator.Deploy.0 = Release|Any CPU
		{3BD64745-04B8-4AAC-B60E-DB5CDEC22BA0}.Release|x64.ActiveCfg = Release|Any CPU
		{3BD64745-04B8-4AAC-B60E-DB5CDEC22BA0}.Release|x64.Build.0 = Release|Any CPU
		{3BD64745-04B8-4AAC-B60E-DB5CDEC22BA0}.Release|x64.Deploy.0 = Release|Any CPU
		{3BD64745-04B8-4AAC-B60E-DB5CDEC22BA0}.Release|x86.ActiveCfg = Release|Any CPU
		{3BD64745-04B8-4AAC-B60E-DB5CDEC22BA0}.Release|x86.Build.0 = Release|Any CPU
		{3BD64745-04B8-4AAC-B60E-DB5CDEC22BA0}.Release|x86.Deploy.0 = Release|Any CPU
		{25D684A6-C0E5-4964-85A1-3415D7891F00}.Debug|Any CPU.ActiveCfg = Debug|iPhone
		{25D684A6-C0E5-4964-85A1-3415D7891F00}.Debug|iPhone.ActiveCfg = Debug|iPhone
		{25D684A6-C0E5-4964-85A1-3415D7891F00}.Debug|iPhone.Build.0 = Debug|iPhone
		{25D684A6-C0E5-4964-85A1-3415D7891F00}.Debug|iPhoneSimulator.ActiveCfg = Debug|iPhoneSimulator
		{25D684A6-C0E5-4964-85A1-3415D7891F00}.Debug|iPhoneSimulator.Build.0 = Debug|iPhoneSimulator
		{25D684A6-C0E5-4964-85A1-3415D7891F00}.Debug|x64.ActiveCfg = Debug|iPhone
		{25D684A6-C0E5-4964-85A1-3415D7891F00}.Debug|x86.ActiveCfg = Debug|iPhone
		{25D684A6-C0E5-4964-85A1-3415D7891F00}.Release|Any CPU.ActiveCfg = Release|iPhone
		{25D684A6-C0E5-4964-85A1-3415D7891F00}.Release|iPhone.ActiveCfg = Release|iPhone
		{25D684A6-C0E5-4964-85A1-3415D7891F00}.Release|iPhone.Build.0 = Release|iPhone
		{25D684A6-C0E5-4964-85A1-3415D7891F00}.Release|iPhoneSimulator.ActiveCfg = Release|iPhoneSimulator
		{25D684A6-C0E5-4964-85A1-3415D7891F00}.Release|iPhoneSimulator.Build.0 = Release|iPhoneSimulator
		{25D684A6-C0E5-4964-85A1-3415D7891F00}.Release|x64.ActiveCfg = Release|iPhone
		{25D684A6-C0E5-4964-85A1-3415D7891F00}.Release|x86.ActiveCfg = Release|iPhone
		{F3182449-CC56-4DD9-88F3-C92765C2F25D}.Debug|Any CPU.ActiveCfg = Debug|Any CPU
		{F3182449-CC56-4DD9-88F3-C92765C2F25D}.Debug|Any CPU.Build.0 = Debug|Any CPU
		{F3182449-CC56-4DD9-88F3-C92765C2F25D}.Debug|iPhone.ActiveCfg = Debug|Any CPU
		{F3182449-CC56-4DD9-88F3-C92765C2F25D}.Debug|iPhone.Build.0 = Debug|Any CPU
		{F3182449-CC56-4DD9-88F3-C92765C2F25D}.Debug|iPhoneSimulator.ActiveCfg = Debug|Any CPU
		{F3182449-CC56-4DD9-88F3-C92765C2F25D}.Debug|iPhoneSimulator.Build.0 = Debug|Any CPU
		{F3182449-CC56-4DD9-88F3-C92765C2F25D}.Debug|x64.ActiveCfg = Debug|Any CPU
		{F3182449-CC56-4DD9-88F3-C92765C2F25D}.Debug|x64.Build.0 = Debug|Any CPU
		{F3182449-CC56-4DD9-88F3-C92765C2F25D}.Debug|x86.ActiveCfg = Debug|Any CPU
		{F3182449-CC56-4DD9-88F3-C92765C2F25D}.Debug|x86.Build.0 = Debug|Any CPU
		{F3182449-CC56-4DD9-88F3-C92765C2F25D}.Release|Any CPU.ActiveCfg = Release|Any CPU
		{F3182449-CC56-4DD9-88F3-C92765C2F25D}.Release|Any CPU.Build.0 = Release|Any CPU
		{F3182449-CC56-4DD9-88F3-C92765C2F25D}.Release|iPhone.ActiveCfg = Release|Any CPU
		{F3182449-CC56-4DD9-88F3-C92765C2F25D}.Release|iPhone.Build.0 = Release|Any CPU
		{F3182449-CC56-4DD9-88F3-C92765C2F25D}.Release|iPhoneSimulator.ActiveCfg = Release|Any CPU
		{F3182449-CC56-4DD9-88F3-C92765C2F25D}.Release|iPhoneSimulator.Build.0 = Release|Any CPU
		{F3182449-CC56-4DD9-88F3-C92765C2F25D}.Release|x64.ActiveCfg = Release|Any CPU
		{F3182449-CC56-4DD9-88F3-C92765C2F25D}.Release|x64.Build.0 = Release|Any CPU
		{F3182449-CC56-4DD9-88F3-C92765C2F25D}.Release|x86.ActiveCfg = Release|Any CPU
		{F3182449-CC56-4DD9-88F3-C92765C2F25D}.Release|x86.Build.0 = Release|Any CPU
		{E8F93D81-DE66-4033-BB9E-BEC7F32FDFD2}.Debug|Any CPU.ActiveCfg = Debug|Any CPU
		{E8F93D81-DE66-4033-BB9E-BEC7F32FDFD2}.Debug|Any CPU.Build.0 = Debug|Any CPU
		{E8F93D81-DE66-4033-BB9E-BEC7F32FDFD2}.Debug|iPhone.ActiveCfg = Debug|Any CPU
		{E8F93D81-DE66-4033-BB9E-BEC7F32FDFD2}.Debug|iPhone.Build.0 = Debug|Any CPU
		{E8F93D81-DE66-4033-BB9E-BEC7F32FDFD2}.Debug|iPhoneSimulator.ActiveCfg = Debug|Any CPU
		{E8F93D81-DE66-4033-BB9E-BEC7F32FDFD2}.Debug|iPhoneSimulator.Build.0 = Debug|Any CPU
		{E8F93D81-DE66-4033-BB9E-BEC7F32FDFD2}.Debug|x64.ActiveCfg = Debug|Any CPU
		{E8F93D81-DE66-4033-BB9E-BEC7F32FDFD2}.Debug|x64.Build.0 = Debug|Any CPU
		{E8F93D81-DE66-4033-BB9E-BEC7F32FDFD2}.Debug|x86.ActiveCfg = Debug|Any CPU
		{E8F93D81-DE66-4033-BB9E-BEC7F32FDFD2}.Debug|x86.Build.0 = Debug|Any CPU
		{E8F93D81-DE66-4033-BB9E-BEC7F32FDFD2}.Release|Any CPU.ActiveCfg = Release|Any CPU
		{E8F93D81-DE66-4033-BB9E-BEC7F32FDFD2}.Release|Any CPU.Build.0 = Release|Any CPU
		{E8F93D81-DE66-4033-BB9E-BEC7F32FDFD2}.Release|iPhone.ActiveCfg = Release|Any CPU
		{E8F93D81-DE66-4033-BB9E-BEC7F32FDFD2}.Release|iPhone.Build.0 = Release|Any CPU
		{E8F93D81-DE66-4033-BB9E-BEC7F32FDFD2}.Release|iPhoneSimulator.ActiveCfg = Release|Any CPU
		{E8F93D81-DE66-4033-BB9E-BEC7F32FDFD2}.Release|iPhoneSimulator.Build.0 = Release|Any CPU
		{E8F93D81-DE66-4033-BB9E-BEC7F32FDFD2}.Release|x64.ActiveCfg = Release|Any CPU
		{E8F93D81-DE66-4033-BB9E-BEC7F32FDFD2}.Release|x64.Build.0 = Release|Any CPU
		{E8F93D81-DE66-4033-BB9E-BEC7F32FDFD2}.Release|x86.ActiveCfg = Release|Any CPU
		{E8F93D81-DE66-4033-BB9E-BEC7F32FDFD2}.Release|x86.Build.0 = Release|Any CPU
		{8BC8023B-6596-4BED-AD64-97B82C8F5EE0}.Debug|Any CPU.ActiveCfg = Debug|Any CPU
		{8BC8023B-6596-4BED-AD64-97B82C8F5EE0}.Debug|Any CPU.Build.0 = Debug|Any CPU
		{8BC8023B-6596-4BED-AD64-97B82C8F5EE0}.Debug|iPhone.ActiveCfg = Debug|Any CPU
		{8BC8023B-6596-4BED-AD64-97B82C8F5EE0}.Debug|iPhone.Build.0 = Debug|Any CPU
		{8BC8023B-6596-4BED-AD64-97B82C8F5EE0}.Debug|iPhoneSimulator.ActiveCfg = Debug|Any CPU
		{8BC8023B-6596-4BED-AD64-97B82C8F5EE0}.Debug|iPhoneSimulator.Build.0 = Debug|Any CPU
		{8BC8023B-6596-4BED-AD64-97B82C8F5EE0}.Debug|x64.ActiveCfg = Debug|Any CPU
		{8BC8023B-6596-4BED-AD64-97B82C8F5EE0}.Debug|x64.Build.0 = Debug|Any CPU
		{8BC8023B-6596-4BED-AD64-97B82C8F5EE0}.Debug|x86.ActiveCfg = Debug|Any CPU
		{8BC8023B-6596-4BED-AD64-97B82C8F5EE0}.Debug|x86.Build.0 = Debug|Any CPU
		{8BC8023B-6596-4BED-AD64-97B82C8F5EE0}.Release|Any CPU.ActiveCfg = Release|Any CPU
		{8BC8023B-6596-4BED-AD64-97B82C8F5EE0}.Release|Any CPU.Build.0 = Release|Any CPU
		{8BC8023B-6596-4BED-AD64-97B82C8F5EE0}.Release|iPhone.ActiveCfg = Release|Any CPU
		{8BC8023B-6596-4BED-AD64-97B82C8F5EE0}.Release|iPhone.Build.0 = Release|Any CPU
		{8BC8023B-6596-4BED-AD64-97B82C8F5EE0}.Release|iPhoneSimulator.ActiveCfg = Release|Any CPU
		{8BC8023B-6596-4BED-AD64-97B82C8F5EE0}.Release|iPhoneSimulator.Build.0 = Release|Any CPU
		{8BC8023B-6596-4BED-AD64-97B82C8F5EE0}.Release|x64.ActiveCfg = Release|Any CPU
		{8BC8023B-6596-4BED-AD64-97B82C8F5EE0}.Release|x64.Build.0 = Release|Any CPU
		{8BC8023B-6596-4BED-AD64-97B82C8F5EE0}.Release|x86.ActiveCfg = Release|Any CPU
		{8BC8023B-6596-4BED-AD64-97B82C8F5EE0}.Release|x86.Build.0 = Release|Any CPU
		{D58A0C44-7571-4D5D-8763-8E9666D16683}.Debug|Any CPU.ActiveCfg = Debug|Any CPU
		{D58A0C44-7571-4D5D-8763-8E9666D16683}.Debug|Any CPU.Build.0 = Debug|Any CPU
		{D58A0C44-7571-4D5D-8763-8E9666D16683}.Debug|iPhone.ActiveCfg = Debug|Any CPU
		{D58A0C44-7571-4D5D-8763-8E9666D16683}.Debug|iPhone.Build.0 = Debug|Any CPU
		{D58A0C44-7571-4D5D-8763-8E9666D16683}.Debug|iPhoneSimulator.ActiveCfg = Debug|Any CPU
		{D58A0C44-7571-4D5D-8763-8E9666D16683}.Debug|iPhoneSimulator.Build.0 = Debug|Any CPU
		{D58A0C44-7571-4D5D-8763-8E9666D16683}.Debug|x64.ActiveCfg = Debug|Any CPU
		{D58A0C44-7571-4D5D-8763-8E9666D16683}.Debug|x64.Build.0 = Debug|Any CPU
		{D58A0C44-7571-4D5D-8763-8E9666D16683}.Debug|x86.ActiveCfg = Debug|Any CPU
		{D58A0C44-7571-4D5D-8763-8E9666D16683}.Debug|x86.Build.0 = Debug|Any CPU
		{D58A0C44-7571-4D5D-8763-8E9666D16683}.Release|Any CPU.ActiveCfg = Release|Any CPU
		{D58A0C44-7571-4D5D-8763-8E9666D16683}.Release|Any CPU.Build.0 = Release|Any CPU
		{D58A0C44-7571-4D5D-8763-8E9666D16683}.Release|iPhone.ActiveCfg = Release|Any CPU
		{D58A0C44-7571-4D5D-8763-8E9666D16683}.Release|iPhone.Build.0 = Release|Any CPU
		{D58A0C44-7571-4D5D-8763-8E9666D16683}.Release|iPhoneSimulator.ActiveCfg = Release|Any CPU
		{D58A0C44-7571-4D5D-8763-8E9666D16683}.Release|iPhoneSimulator.Build.0 = Release|Any CPU
		{D58A0C44-7571-4D5D-8763-8E9666D16683}.Release|x64.ActiveCfg = Release|Any CPU
		{D58A0C44-7571-4D5D-8763-8E9666D16683}.Release|x64.Build.0 = Release|Any CPU
		{D58A0C44-7571-4D5D-8763-8E9666D16683}.Release|x86.ActiveCfg = Release|Any CPU
		{D58A0C44-7571-4D5D-8763-8E9666D16683}.Release|x86.Build.0 = Release|Any CPU
		{D46EE314-DA6F-46FC-A4F7-7450CA406139}.Debug|Any CPU.ActiveCfg = Debug|Any CPU
		{D46EE314-DA6F-46FC-A4F7-7450CA406139}.Debug|Any CPU.Build.0 = Debug|Any CPU
		{D46EE314-DA6F-46FC-A4F7-7450CA406139}.Debug|iPhone.ActiveCfg = Debug|Any CPU
		{D46EE314-DA6F-46FC-A4F7-7450CA406139}.Debug|iPhone.Build.0 = Debug|Any CPU
		{D46EE314-DA6F-46FC-A4F7-7450CA406139}.Debug|iPhoneSimulator.ActiveCfg = Debug|Any CPU
		{D46EE314-DA6F-46FC-A4F7-7450CA406139}.Debug|iPhoneSimulator.Build.0 = Debug|Any CPU
		{D46EE314-DA6F-46FC-A4F7-7450CA406139}.Debug|x64.ActiveCfg = Debug|Any CPU
		{D46EE314-DA6F-46FC-A4F7-7450CA406139}.Debug|x64.Build.0 = Debug|Any CPU
		{D46EE314-DA6F-46FC-A4F7-7450CA406139}.Debug|x86.ActiveCfg = Debug|Any CPU
		{D46EE314-DA6F-46FC-A4F7-7450CA406139}.Debug|x86.Build.0 = Debug|Any CPU
		{D46EE314-DA6F-46FC-A4F7-7450CA406139}.Release|Any CPU.ActiveCfg = Release|Any CPU
		{D46EE314-DA6F-46FC-A4F7-7450CA406139}.Release|Any CPU.Build.0 = Release|Any CPU
		{D46EE314-DA6F-46FC-A4F7-7450CA406139}.Release|iPhone.ActiveCfg = Release|Any CPU
		{D46EE314-DA6F-46FC-A4F7-7450CA406139}.Release|iPhone.Build.0 = Release|Any CPU
		{D46EE314-DA6F-46FC-A4F7-7450CA406139}.Release|iPhoneSimulator.ActiveCfg = Release|Any CPU
		{D46EE314-DA6F-46FC-A4F7-7450CA406139}.Release|iPhoneSimulator.Build.0 = Release|Any CPU
		{D46EE314-DA6F-46FC-A4F7-7450CA406139}.Release|x64.ActiveCfg = Release|Any CPU
		{D46EE314-DA6F-46FC-A4F7-7450CA406139}.Release|x64.Build.0 = Release|Any CPU
		{D46EE314-DA6F-46FC-A4F7-7450CA406139}.Release|x86.ActiveCfg = Release|Any CPU
		{D46EE314-DA6F-46FC-A4F7-7450CA406139}.Release|x86.Build.0 = Release|Any CPU
	EndGlobalSection
	GlobalSection(SolutionProperties) = preSolution
		HideSolutionNode = FALSE
	EndGlobalSection
	GlobalSection(ExtensibilityGlobals) = postSolution
		SolutionGuid = {B67C1258-FF2C-4B90-9790-E490C828F2E3}
	EndGlobalSection
EndGlobal
